
Microsoft Visual Studio Solution File, Format Version 12.00
# Visual Studio Version 17
VisualStudioVersion = 17.12.35521.163
MinimumVisualStudioVersion = 10.0.40219.1
Project("{9A19103F-16F7-4668-BE54-9A1E7A4F7556}") = "WeatherForecastApi", "WeatherForecastApi\WeatherForecastApi.csproj", "{2303B68C-9385-4E61-847C-FE1D44F1342F}"
EndProject
Project("{2150E333-8FDC-42A3-9474-1A3956D46DE8}") = "M001_Introduction", "M001_Introduction", "{28DEB836-5541-435A-83AC-A7DFBD06D008}"
EndProject
Project("{9A19103F-16F7-4668-BE54-9A1E7A4F7556}") = "HelloDependency", "HelloDependency\HelloDependency.csproj", "{B2C88760-2660-41A6-A928-EE6281DF1A07}"
EndProject
Project("{2150E333-8FDC-42A3-9474-1A3956D46DE8}") = "M002_IoC+Logs", "M002_IoC+Logs", "{E3C81B39-7E47-4837-A556-392D19F9CF85}"
EndProject
Project("{9A19103F-16F7-4668-BE54-9A1E7A4F7556}") = "LabDependencyInjection", "LabDependencyInjection\LabDependencyInjection.csproj", "{B8B40877-42D1-453C-A8EB-2F24FA543E27}"
EndProject
Project("{9A19103F-16F7-4668-BE54-9A1E7A4F7556}") = "HelloLogger", "HelloLogger\HelloLogger.csproj", "{1A9BF485-BD0F-40F5-A243-34089E5F0FFB}"
EndProject
Project("{2150E333-8FDC-42A3-9474-1A3956D46DE8}") = "Shared", "Shared", "{27638144-CB9C-4E86-95A7-FB52C26A49BE}"
EndProject
Project("{FAE04EC0-301F-11D3-BF4B-00C04F79EFBC}") = "BusinessModel", "BusinessModel\BusinessModel.csproj", "{62B98ACE-252D-4731-81F7-910D199D16F1}"
EndProject
Project("{FAE04EC0-301F-11D3-BF4B-00C04F79EFBC}") = "VehicleManagement", "VehicleManagement\VehicleManagement.csproj", "{45D19D51-4F6F-44CB-BBF7-F6F003C30DF6}"
EndProject
Project("{2150E333-8FDC-42A3-9474-1A3956D46DE8}") = "M004_MediaTypes", "M004_MediaTypes", "{D5AA9B8C-6AB9-494A-9BAC-E54ED6B448F3}"
EndProject
Project("{FAE04EC0-301F-11D3-BF4B-00C04F79EFBC}") = "LabBusinessModel", "LabBusinessModel\LabBusinessModel.csproj", "{F12F7F2A-F614-4394-861D-1A21A8DB9926}"
EndProject
Project("{FAE04EC0-301F-11D3-BF4B-00C04F79EFBC}") = "LabMovieApi", "LabMovieApi\LabMovieApi.csproj", "{1472117B-11D1-4D28-8674-4B2C7977AC9D}"
EndProject
Global
	GlobalSection(SolutionConfigurationPlatforms) = preSolution
		Debug|Any CPU = Debug|Any CPU
		Release|Any CPU = Release|Any CPU
	EndGlobalSection
	GlobalSection(ProjectConfigurationPlatforms) = postSolution
		{2303B68C-9385-4E61-847C-FE1D44F1342F}.Debug|Any CPU.ActiveCfg = Debug|Any CPU
		{2303B68C-9385-4E61-847C-FE1D44F1342F}.Debug|Any CPU.Build.0 = Debug|Any CPU
		{2303B68C-9385-4E61-847C-FE1D44F1342F}.Release|Any CPU.ActiveCfg = Release|Any CPU
		{2303B68C-9385-4E61-847C-FE1D44F1342F}.Release|Any CPU.Build.0 = Release|Any CPU
		{B2C88760-2660-41A6-A928-EE6281DF1A07}.Debug|Any CPU.ActiveCfg = Debug|Any CPU
		{B2C88760-2660-41A6-A928-EE6281DF1A07}.Debug|Any CPU.Build.0 = Debug|Any CPU
		{B2C88760-2660-41A6-A928-EE6281DF1A07}.Release|Any CPU.ActiveCfg = Release|Any CPU
		{B2C88760-2660-41A6-A928-EE6281DF1A07}.Release|Any CPU.Build.0 = Release|Any CPU
		{B8B40877-42D1-453C-A8EB-2F24FA543E27}.Debug|Any CPU.ActiveCfg = Debug|Any CPU
		{B8B40877-42D1-453C-A8EB-2F24FA543E27}.Debug|Any CPU.Build.0 = Debug|Any CPU
		{B8B40877-42D1-453C-A8EB-2F24FA543E27}.Release|Any CPU.ActiveCfg = Release|Any CPU
		{B8B40877-42D1-453C-A8EB-2F24FA543E27}.Release|Any CPU.Build.0 = Release|Any CPU
		{1A9BF485-BD0F-40F5-A243-34089E5F0FFB}.Debug|Any CPU.ActiveCfg = Debug|Any CPU
		{1A9BF485-BD0F-40F5-A243-34089E5F0FFB}.Debug|Any CPU.Build.0 = Debug|Any CPU
		{1A9BF485-BD0F-40F5-A243-34089E5F0FFB}.Release|Any CPU.ActiveCfg = Release|Any CPU
		{1A9BF485-BD0F-40F5-A243-34089E5F0FFB}.Release|Any CPU.Build.0 = Release|Any CPU
		{62B98ACE-252D-4731-81F7-910D199D16F1}.Debug|Any CPU.ActiveCfg = Debug|Any CPU
		{62B98ACE-252D-4731-81F7-910D199D16F1}.Debug|Any CPU.Build.0 = Debug|Any CPU
		{62B98ACE-252D-4731-81F7-910D199D16F1}.Release|Any CPU.ActiveCfg = Release|Any CPU
		{62B98ACE-252D-4731-81F7-910D199D16F1}.Release|Any CPU.Build.0 = Release|Any CPU
		{45D19D51-4F6F-44CB-BBF7-F6F003C30DF6}.Debug|Any CPU.ActiveCfg = Debug|Any CPU
		{45D19D51-4F6F-44CB-BBF7-F6F003C30DF6}.Debug|Any CPU.Build.0 = Debug|Any CPU
		{45D19D51-4F6F-44CB-BBF7-F6F003C30DF6}.Release|Any CPU.ActiveCfg = Release|Any CPU
		{45D19D51-4F6F-44CB-BBF7-F6F003C30DF6}.Release|Any CPU.Build.0 = Release|Any CPU
		{F12F7F2A-F614-4394-861D-1A21A8DB9926}.Debug|Any CPU.ActiveCfg = Debug|Any CPU
		{F12F7F2A-F614-4394-861D-1A21A8DB9926}.Debug|Any CPU.Build.0 = Debug|Any CPU
		{F12F7F2A-F614-4394-861D-1A21A8DB9926}.Release|Any CPU.ActiveCfg = Release|Any CPU
		{F12F7F2A-F614-4394-861D-1A21A8DB9926}.Release|Any CPU.Build.0 = Release|Any CPU
		{1472117B-11D1-4D28-8674-4B2C7977AC9D}.Debug|Any CPU.ActiveCfg = Debug|Any CPU
		{1472117B-11D1-4D28-8674-4B2C7977AC9D}.Debug|Any CPU.Build.0 = Debug|Any CPU
		{1472117B-11D1-4D28-8674-4B2C7977AC9D}.Release|Any CPU.ActiveCfg = Release|Any CPU
		{1472117B-11D1-4D28-8674-4B2C7977AC9D}.Release|Any CPU.Build.0 = Release|Any CPU
	EndGlobalSection
	GlobalSection(SolutionProperties) = preSolution
		HideSolutionNode = FALSE
	EndGlobalSection
	GlobalSection(NestedProjects) = preSolution
		{2303B68C-9385-4E61-847C-FE1D44F1342F} = {28DEB836-5541-435A-83AC-A7DFBD06D008}
		{B2C88760-2660-41A6-A928-EE6281DF1A07} = {E3C81B39-7E47-4837-A556-392D19F9CF85}
		{B8B40877-42D1-453C-A8EB-2F24FA543E27} = {E3C81B39-7E47-4837-A556-392D19F9CF85}
		{1A9BF485-BD0F-40F5-A243-34089E5F0FFB} = {E3C81B39-7E47-4837-A556-392D19F9CF85}
		{62B98ACE-252D-4731-81F7-910D199D16F1} = {27638144-CB9C-4E86-95A7-FB52C26A49BE}
		{45D19D51-4F6F-44CB-BBF7-F6F003C30DF6} = {D5AA9B8C-6AB9-494A-9BAC-E54ED6B448F3}
		{F12F7F2A-F614-4394-861D-1A21A8DB9926} = {27638144-CB9C-4E86-95A7-FB52C26A49BE}
		{1472117B-11D1-4D28-8674-4B2C7977AC9D} = {D5AA9B8C-6AB9-494A-9BAC-E54ED6B448F3}
	EndGlobalSection
	GlobalSection(ExtensibilityGlobals) = postSolution
		SolutionGuid = {0FF1A7B4-EE8D-46A6-B365-D72B885CDA03}
	EndGlobalSection
EndGlobal
